
Microsoft Visual Studio Solution File, Format Version 12.00
# Visual Studio 15
VisualStudioVersion = 15.0.27130.2036
MinimumVisualStudioVersion = 10.0.40219.1
Project("{9A19103F-16F7-4668-BE54-9A1E7A4F7556}") = "Web", "Web\Web.csproj", "{4211122C-4C5E-41FC-871F-715D929D756B}"
EndProject
Project("{9A19103F-16F7-4668-BE54-9A1E7A4F7556}") = "Dto", "Dto\Dto.csproj", "{B0F43D56-0DE3-4DB8-AE3D-9B43BBCE5EE2}"
EndProject
Project("{9A19103F-16F7-4668-BE54-9A1E7A4F7556}") = "Dao", "Dao\Dao.csproj", "{84B6113F-0837-4428-9E4A-9EC47740D783}"
EndProject
Global
	GlobalSection(SolutionConfigurationPlatforms) = preSolution
		Debug|Any CPU = Debug|Any CPU
		Release|Any CPU = Release|Any CPU
	EndGlobalSection
	GlobalSection(ProjectConfigurationPlatforms) = postSolution
		{4211122C-4C5E-41FC-871F-715D929D756B}.Debug|Any CPU.ActiveCfg = Debug|Any CPU
		{4211122C-4C5E-41FC-871F-715D929D756B}.Debug|Any CPU.Build.0 = Debug|Any CPU
		{4211122C-4C5E-41FC-871F-715D929D756B}.Release|Any CPU.ActiveCfg = Release|Any CPU
		{4211122C-4C5E-41FC-871F-715D929D756B}.Release|Any CPU.Build.0 = Release|Any CPU
		{B0F43D56-0DE3-4DB8-AE3D-9B43BBCE5EE2}.Debug|Any CPU.ActiveCfg = Debug|Any CPU
		{B0F43D56-0DE3-4DB8-AE3D-9B43BBCE5EE2}.Debug|Any CPU.Build.0 = Debug|Any CPU
		{B0F43D56-0DE3-4DB8-AE3D-9B43BBCE5EE2}.Release|Any CPU.ActiveCfg = Release|Any CPU
		{B0F43D56-0DE3-4DB8-AE3D-9B43BBCE5EE2}.Release|Any CPU.Build.0 = Release|Any CPU
		{84B6113F-0837-4428-9E4A-9EC47740D783}.Debug|Any CPU.ActiveCfg = Debug|Any CPU
		{84B6113F-0837-4428-9E4A-9EC47740D783}.Debug|Any CPU.Build.0 = Debug|Any CPU
		{84B6113F-0837-4428-9E4A-9EC47740D783}.Release|Any CPU.ActiveCfg = Release|Any CPU
		{84B6113F-0837-4428-9E4A-9EC47740D783}.Release|Any CPU.Build.0 = Release|Any CPU
	EndGlobalSection
	GlobalSection(SolutionProperties) = preSolution
		HideSolutionNode = FALSE
	EndGlobalSection
	GlobalSection(ExtensibilityGlobals) = postSolution
		SolutionGuid = {20BD8B0A-6475-496E-8FD9-C59B49EE6303}
	EndGlobalSection
EndGlobal
